// !$*UTF8*$!
{
	archiveVersion = 1;
	classes = {
	};
	objectVersion = 50;
	objects = {

/* Begin PBXBuildFile section */
		DA3F77BC208C3EED00D987DF /* AppDelegate.m in Sources */ = {isa = PBXBuildFile; fileRef = DA3F77BB208C3EED00D987DF /* AppDelegate.m */; };
		DA3F77C2208C3EED00D987DF /* Main.storyboard in Resources */ = {isa = PBXBuildFile; fileRef = DA3F77C0208C3EED00D987DF /* Main.storyboard */; };
		DA3F77C5208C3EED00D987DF /* SAO_frame.xcdatamodeld in Sources */ = {isa = PBXBuildFile; fileRef = DA3F77C3208C3EED00D987DF /* SAO_frame.xcdatamodeld */; };
		DA3F77C7208C3EEE00D987DF /* Assets.xcassets in Resources */ = {isa = PBXBuildFile; fileRef = DA3F77C6208C3EEE00D987DF /* Assets.xcassets */; };
		DA3F77CA208C3EEE00D987DF /* LaunchScreen.storyboard in Resources */ = {isa = PBXBuildFile; fileRef = DA3F77C8208C3EEE00D987DF /* LaunchScreen.storyboard */; };
		DA3F77CD208C3EEE00D987DF /* main.m in Sources */ = {isa = PBXBuildFile; fileRef = DA3F77CC208C3EEE00D987DF /* main.m */; };
		DA3F77D7208C3EEE00D987DF /* SAO_frameTests.m in Sources */ = {isa = PBXBuildFile; fileRef = DA3F77D6208C3EEE00D987DF /* SAO_frameTests.m */; };
		DA3F77E2208C3EEE00D987DF /* SAO_frameUITests.m in Sources */ = {isa = PBXBuildFile; fileRef = DA3F77E1208C3EEE00D987DF /* SAO_frameUITests.m */; };
		DA3F7BBD208C462000D987DF /* VCManager.m in Sources */ = {isa = PBXBuildFile; fileRef = DA3F7BBC208C462000D987DF /* VCManager.m */; };
		DA3F7BC3208C476600D987DF /* RootViewController.m in Sources */ = {isa = PBXBuildFile; fileRef = DA3F7BC2208C476600D987DF /* RootViewController.m */; };
		DA3F7BC7208C6E8F00D987DF /* MainViewController.m in Sources */ = {isa = PBXBuildFile; fileRef = DA3F7BC6208C6E8F00D987DF /* MainViewController.m */; };
		DA3F7BCA208C6EA700D987DF /* SAOUtilViewController.m in Sources */ = {isa = PBXBuildFile; fileRef = DA3F7BC9208C6EA700D987DF /* SAOUtilViewController.m */; };
		DA835F05208DD59000303D8B /* SAO_BtnCell.m in Sources */ = {isa = PBXBuildFile; fileRef = DA835F04208DD59000303D8B /* SAO_BtnCell.m */; };
		DA835F10208DE6B800303D8B /* appBack.PNG in Resources */ = {isa = PBXBuildFile; fileRef = DA835F07208DE6B800303D8B /* appBack.PNG */; };
		DA835F11208DE6B800303D8B /* info_normal.png in Resources */ = {isa = PBXBuildFile; fileRef = DA835F09208DE6B800303D8B /* info_normal.png */; };
		DA835F12208DE6B800303D8B /* info_hover.png in Resources */ = {isa = PBXBuildFile; fileRef = DA835F0A208DE6B800303D8B /* info_hover.png */; };
		DA835F13208DE6B800303D8B /* btn_normal.png in Resources */ = {isa = PBXBuildFile; fileRef = DA835F0B208DE6B800303D8B /* btn_normal.png */; };
		DA835F14208DE6B800303D8B /* btn_press.png in Resources */ = {isa = PBXBuildFile; fileRef = DA835F0C208DE6B800303D8B /* btn_press.png */; };
		DA835F15208DE6B800303D8B /* FZZY.ttf in Resources */ = {isa = PBXBuildFile; fileRef = DA835F0E208DE6B800303D8B /* FZZY.ttf */; };
		DA835F16208DE6B800303D8B /* SAOUI.ttf in Resources */ = {isa = PBXBuildFile; fileRef = DA835F0F208DE6B800303D8B /* SAOUI.ttf */; };
		DA835F19208DEBE700303D8B /* setting_normal.png in Resources */ = {isa = PBXBuildFile; fileRef = DA835F17208DEBE700303D8B /* setting_normal.png */; };
		DA835F1A208DEBE700303D8B /* setting_hover.png in Resources */ = {isa = PBXBuildFile; fileRef = DA835F18208DEBE700303D8B /* setting_hover.png */; };
		DA835F1D208DECC700303D8B /* netw_conn_normal.png in Resources */ = {isa = PBXBuildFile; fileRef = DA835F1B208DECC700303D8B /* netw_conn_normal.png */; };
		DA835F1E208DECC700303D8B /* netw_conn_hover.png in Resources */ = {isa = PBXBuildFile; fileRef = DA835F1C208DECC700303D8B /* netw_conn_hover.png */; };
		DA835F21208DED0F00303D8B /* mail1_hover.png in Resources */ = {isa = PBXBuildFile; fileRef = DA835F1F208DED0F00303D8B /* mail1_hover.png */; };
		DA835F22208DED0F00303D8B /* mail1_normal.png in Resources */ = {isa = PBXBuildFile; fileRef = DA835F20208DED0F00303D8B /* mail1_normal.png */; };
		DA835F2A2092073D00303D8B /* SAO_SoundManager.m in Sources */ = {isa = PBXBuildFile; fileRef = DA835F292092073D00303D8B /* SAO_SoundManager.m */; };
		DA835F3320920F3200303D8B /* Dismiss.SAO.Launcher.wav in Resources */ = {isa = PBXBuildFile; fileRef = DA835F2C20920F3200303D8B /* Dismiss.SAO.Launcher.wav */; };
		DA835F3420920F3200303D8B /* Popup.SAO.Message.wav in Resources */ = {isa = PBXBuildFile; fileRef = DA835F2D20920F3200303D8B /* Popup.SAO.Message.wav */; };
		DA835F3520920F3200303D8B /* Popup.SAO.Launcher.wav in Resources */ = {isa = PBXBuildFile; fileRef = DA835F2E20920F3200303D8B /* Popup.SAO.Launcher.wav */; };
		DA835F3620920F3200303D8B /* Popup.SAO.Warn.wav in Resources */ = {isa = PBXBuildFile; fileRef = DA835F2F20920F3200303D8B /* Popup.SAO.Warn.wav */; };
		DA835F3720920F3200303D8B /* Popup.SAO.Panel.wav in Resources */ = {isa = PBXBuildFile; fileRef = DA835F3020920F3200303D8B /* Popup.SAO.Panel.wav */; };
		DA835F3820920F3200303D8B /* Popup.SAO.Menu.wav in Resources */ = {isa = PBXBuildFile; fileRef = DA835F3120920F3200303D8B /* Popup.SAO.Menu.wav */; };
		DA835F3920920F3200303D8B /* Feedback.SAO.Click.wav in Resources */ = {isa = PBXBuildFile; fileRef = DA835F3220920F3200303D8B /* Feedback.SAO.Click.wav */; };
/* End PBXBuildFile section */

/* Begin PBXContainerItemProxy section */
		DA3F77D3208C3EEE00D987DF /* PBXContainerItemProxy */ = {
			isa = PBXContainerItemProxy;
			containerPortal = DA3F77AF208C3EED00D987DF /* Project object */;
			proxyType = 1;
			remoteGlobalIDString = DA3F77B6208C3EED00D987DF;
			remoteInfo = "SAO-frame";
		};
		DA3F77DE208C3EEE00D987DF /* PBXContainerItemProxy */ = {
			isa = PBXContainerItemProxy;
			containerPortal = DA3F77AF208C3EED00D987DF /* Project object */;
			proxyType = 1;
			remoteGlobalIDString = DA3F77B6208C3EED00D987DF;
			remoteInfo = "SAO-frame";
		};
/* End PBXContainerItemProxy section */

/* Begin PBXFileReference section */
		DA3F77B7208C3EED00D987DF /* SAO-frame.app */ = {isa = PBXFileReference; explicitFileType = wrapper.application; includeInIndex = 0; path = "SAO-frame.app"; sourceTree = BUILT_PRODUCTS_DIR; };
		DA3F77BA208C3EED00D987DF /* AppDelegate.h */ = {isa = PBXFileReference; lastKnownFileType = sourcecode.c.h; path = AppDelegate.h; sourceTree = "<group>"; };
		DA3F77BB208C3EED00D987DF /* AppDelegate.m */ = {isa = PBXFileReference; lastKnownFileType = sourcecode.c.objc; path = AppDelegate.m; sourceTree = "<group>"; };
		DA3F77C1208C3EED00D987DF /* Base */ = {isa = PBXFileReference; lastKnownFileType = file.storyboard; name = Base; path = Base.lproj/Main.storyboard; sourceTree = "<group>"; };
		DA3F77C4208C3EED00D987DF /* SAO_frame.xcdatamodel */ = {isa = PBXFileReference; lastKnownFileType = wrapper.xcdatamodel; path = SAO_frame.xcdatamodel; sourceTree = "<group>"; };
		DA3F77C6208C3EEE00D987DF /* Assets.xcassets */ = {isa = PBXFileReference; lastKnownFileType = folder.assetcatalog; path = Assets.xcassets; sourceTree = "<group>"; };
		DA3F77C9208C3EEE00D987DF /* Base */ = {isa = PBXFileReference; lastKnownFileType = file.storyboard; name = Base; path = Base.lproj/LaunchScreen.storyboard; sourceTree = "<group>"; };
		DA3F77CB208C3EEE00D987DF /* Info.plist */ = {isa = PBXFileReference; lastKnownFileType = text.plist.xml; path = Info.plist; sourceTree = "<group>"; };
		DA3F77CC208C3EEE00D987DF /* main.m */ = {isa = PBXFileReference; lastKnownFileType = sourcecode.c.objc; path = main.m; sourceTree = "<group>"; };
		DA3F77D2208C3EEE00D987DF /* SAO-frameTests.xctest */ = {isa = PBXFileReference; explicitFileType = wrapper.cfbundle; includeInIndex = 0; path = "SAO-frameTests.xctest"; sourceTree = BUILT_PRODUCTS_DIR; };
		DA3F77D6208C3EEE00D987DF /* SAO_frameTests.m */ = {isa = PBXFileReference; lastKnownFileType = sourcecode.c.objc; path = SAO_frameTests.m; sourceTree = "<group>"; };
		DA3F77D8208C3EEE00D987DF /* Info.plist */ = {isa = PBXFileReference; lastKnownFileType = text.plist.xml; path = Info.plist; sourceTree = "<group>"; };
		DA3F77DD208C3EEE00D987DF /* SAO-frameUITests.xctest */ = {isa = PBXFileReference; explicitFileType = wrapper.cfbundle; includeInIndex = 0; path = "SAO-frameUITests.xctest"; sourceTree = BUILT_PRODUCTS_DIR; };
		DA3F77E1208C3EEE00D987DF /* SAO_frameUITests.m */ = {isa = PBXFileReference; lastKnownFileType = sourcecode.c.objc; path = SAO_frameUITests.m; sourceTree = "<group>"; };
		DA3F77E3208C3EEE00D987DF /* Info.plist */ = {isa = PBXFileReference; lastKnownFileType = text.plist.xml; path = Info.plist; sourceTree = "<group>"; };
		DA3F7BBB208C462000D987DF /* VCManager.h */ = {isa = PBXFileReference; lastKnownFileType = sourcecode.c.h; path = VCManager.h; sourceTree = "<group>"; };
		DA3F7BBC208C462000D987DF /* VCManager.m */ = {isa = PBXFileReference; lastKnownFileType = sourcecode.c.objc; path = VCManager.m; sourceTree = "<group>"; };
		DA3F7BC1208C476600D987DF /* RootViewController.h */ = {isa = PBXFileReference; lastKnownFileType = sourcecode.c.h; path = RootViewController.h; sourceTree = "<group>"; };
		DA3F7BC2208C476600D987DF /* RootViewController.m */ = {isa = PBXFileReference; lastKnownFileType = sourcecode.c.objc; path = RootViewController.m; sourceTree = "<group>"; };
		DA3F7BC5208C6E8F00D987DF /* MainViewController.h */ = {isa = PBXFileReference; lastKnownFileType = sourcecode.c.h; path = MainViewController.h; sourceTree = "<group>"; };
		DA3F7BC6208C6E8F00D987DF /* MainViewController.m */ = {isa = PBXFileReference; lastKnownFileType = sourcecode.c.objc; path = MainViewController.m; sourceTree = "<group>"; };
		DA3F7BC8208C6EA700D987DF /* SAOUtilViewController.h */ = {isa = PBXFileReference; lastKnownFileType = sourcecode.c.h; path = SAOUtilViewController.h; sourceTree = "<group>"; };
		DA3F7BC9208C6EA700D987DF /* SAOUtilViewController.m */ = {isa = PBXFileReference; lastKnownFileType = sourcecode.c.objc; path = SAOUtilViewController.m; sourceTree = "<group>"; };
		DA835F03208DD59000303D8B /* SAO_BtnCell.h */ = {isa = PBXFileReference; lastKnownFileType = sourcecode.c.h; path = SAO_BtnCell.h; sourceTree = "<group>"; };
		DA835F04208DD59000303D8B /* SAO_BtnCell.m */ = {isa = PBXFileReference; lastKnownFileType = sourcecode.c.objc; path = SAO_BtnCell.m; sourceTree = "<group>"; };
		DA835F07208DE6B800303D8B /* appBack.PNG */ = {isa = PBXFileReference; lastKnownFileType = image.png; path = appBack.PNG; sourceTree = "<group>"; };
		DA835F09208DE6B800303D8B /* info_normal.png */ = {isa = PBXFileReference; lastKnownFileType = image.png; path = info_normal.png; sourceTree = "<group>"; };
		DA835F0A208DE6B800303D8B /* info_hover.png */ = {isa = PBXFileReference; lastKnownFileType = image.png; path = info_hover.png; sourceTree = "<group>"; };
		DA835F0B208DE6B800303D8B /* btn_normal.png */ = {isa = PBXFileReference; lastKnownFileType = image.png; path = btn_normal.png; sourceTree = "<group>"; };
		DA835F0C208DE6B800303D8B /* btn_press.png */ = {isa = PBXFileReference; lastKnownFileType = image.png; path = btn_press.png; sourceTree = "<group>"; };
		DA835F0E208DE6B800303D8B /* FZZY.ttf */ = {isa = PBXFileReference; lastKnownFileType = file; path = FZZY.ttf; sourceTree = "<group>"; };
		DA835F0F208DE6B800303D8B /* SAOUI.ttf */ = {isa = PBXFileReference; lastKnownFileType = file; path = SAOUI.ttf; sourceTree = "<group>"; };
		DA835F17208DEBE700303D8B /* setting_normal.png */ = {isa = PBXFileReference; lastKnownFileType = image.png; path = setting_normal.png; sourceTree = "<group>"; };
		DA835F18208DEBE700303D8B /* setting_hover.png */ = {isa = PBXFileReference; lastKnownFileType = image.png; path = setting_hover.png; sourceTree = "<group>"; };
		DA835F1B208DECC700303D8B /* netw_conn_normal.png */ = {isa = PBXFileReference; lastKnownFileType = image.png; path = netw_conn_normal.png; sourceTree = "<group>"; };
		DA835F1C208DECC700303D8B /* netw_conn_hover.png */ = {isa = PBXFileReference; lastKnownFileType = image.png; path = netw_conn_hover.png; sourceTree = "<group>"; };
		DA835F1F208DED0F00303D8B /* mail1_hover.png */ = {isa = PBXFileReference; lastKnownFileType = image.png; path = mail1_hover.png; sourceTree = "<group>"; };
		DA835F20208DED0F00303D8B /* mail1_normal.png */ = {isa = PBXFileReference; lastKnownFileType = image.png; path = mail1_normal.png; sourceTree = "<group>"; };
		DA835F282092073D00303D8B /* SAO_SoundManager.h */ = {isa = PBXFileReference; lastKnownFileType = sourcecode.c.h; path = SAO_SoundManager.h; sourceTree = "<group>"; };
		DA835F292092073D00303D8B /* SAO_SoundManager.m */ = {isa = PBXFileReference; lastKnownFileType = sourcecode.c.objc; path = SAO_SoundManager.m; sourceTree = "<group>"; };
		DA835F2C20920F3200303D8B /* Dismiss.SAO.Launcher.wav */ = {isa = PBXFileReference; lastKnownFileType = audio.wav; path = Dismiss.SAO.Launcher.wav; sourceTree = "<group>"; };
		DA835F2D20920F3200303D8B /* Popup.SAO.Message.wav */ = {isa = PBXFileReference; lastKnownFileType = audio.wav; path = Popup.SAO.Message.wav; sourceTree = "<group>"; };
		DA835F2E20920F3200303D8B /* Popup.SAO.Launcher.wav */ = {isa = PBXFileReference; lastKnownFileType = audio.wav; path = Popup.SAO.Launcher.wav; sourceTree = "<group>"; };
		DA835F2F20920F3200303D8B /* Popup.SAO.Warn.wav */ = {isa = PBXFileReference; lastKnownFileType = audio.wav; path = Popup.SAO.Warn.wav; sourceTree = "<group>"; };
		DA835F3020920F3200303D8B /* Popup.SAO.Panel.wav */ = {isa = PBXFileReference; lastKnownFileType = audio.wav; path = Popup.SAO.Panel.wav; sourceTree = "<group>"; };
		DA835F3120920F3200303D8B /* Popup.SAO.Menu.wav */ = {isa = PBXFileReference; lastKnownFileType = audio.wav; path = Popup.SAO.Menu.wav; sourceTree = "<group>"; };
		DA835F3220920F3200303D8B /* Feedback.SAO.Click.wav */ = {isa = PBXFileReference; lastKnownFileType = audio.wav; path = Feedback.SAO.Click.wav; sourceTree = "<group>"; };
/* End PBXFileReference section */

/* Begin PBXFrameworksBuildPhase section */
		DA3F77B4208C3EED00D987DF /* Frameworks */ = {
			isa = PBXFrameworksBuildPhase;
			buildActionMask = 2147483647;
			files = (
			);
			runOnlyForDeploymentPostprocessing = 0;
		};
		DA3F77CF208C3EEE00D987DF /* Frameworks */ = {
			isa = PBXFrameworksBuildPhase;
			buildActionMask = 2147483647;
			files = (
			);
			runOnlyForDeploymentPostprocessing = 0;
		};
		DA3F77DA208C3EEE00D987DF /* Frameworks */ = {
			isa = PBXFrameworksBuildPhase;
			buildActionMask = 2147483647;
			files = (
			);
			runOnlyForDeploymentPostprocessing = 0;
		};
/* End PBXFrameworksBuildPhase section */

/* Begin PBXGroup section */
		DA3F77AE208C3EED00D987DF = {
			isa = PBXGroup;
			children = (
				DA3F77B9208C3EED00D987DF /* SAO-frame */,
				DA3F77D5208C3EEE00D987DF /* SAO-frameTests */,
				DA3F77E0208C3EEE00D987DF /* SAO-frameUITests */,
				DA3F77B8208C3EED00D987DF /* Products */,
			);
			sourceTree = "<group>";
		};
		DA3F77B8208C3EED00D987DF /* Products */ = {
			isa = PBXGroup;
			children = (
				DA3F77B7208C3EED00D987DF /* SAO-frame.app */,
				DA3F77D2208C3EEE00D987DF /* SAO-frameTests.xctest */,
				DA3F77DD208C3EEE00D987DF /* SAO-frameUITests.xctest */,
			);
			name = Products;
			sourceTree = "<group>";
		};
		DA3F77B9208C3EED00D987DF /* SAO-frame */ = {
			isa = PBXGroup;
			children = (
				DA3F77F2208C45D100D987DF /* LinkStart */,
				DA3F77C3208C3EED00D987DF /* SAO_frame.xcdatamodeld */,
				DA3F77C8208C3EEE00D987DF /* LaunchScreen.storyboard */,
				DA3F77CC208C3EEE00D987DF /* main.m */,
				DA3F77C6208C3EEE00D987DF /* Assets.xcassets */,
				DA3F77C0208C3EED00D987DF /* Main.storyboard */,
				DA3F77BA208C3EED00D987DF /* AppDelegate.h */,
				DA3F77BB208C3EED00D987DF /* AppDelegate.m */,
				DA3F77CB208C3EEE00D987DF /* Info.plist */,
			);
			path = "SAO-frame";
			sourceTree = "<group>";
		};
		DA3F77D5208C3EEE00D987DF /* SAO-frameTests */ = {
			isa = PBXGroup;
			children = (
				DA3F77D6208C3EEE00D987DF /* SAO_frameTests.m */,
				DA3F77D8208C3EEE00D987DF /* Info.plist */,
			);
			path = "SAO-frameTests";
			sourceTree = "<group>";
		};
		DA3F77E0208C3EEE00D987DF /* SAO-frameUITests */ = {
			isa = PBXGroup;
			children = (
				DA3F77E1208C3EEE00D987DF /* SAO_frameUITests.m */,
				DA3F77E3208C3EEE00D987DF /* Info.plist */,
			);
			path = "SAO-frameUITests";
			sourceTree = "<group>";
		};
		DA3F77F2208C45D100D987DF /* LinkStart */ = {
			isa = PBXGroup;
			children = (
				DA835F06208DE6B800303D8B /* Resources */,
				DA3F7BBE208C474F00D987DF /* ViewController */,
				DA3F79D8208C45D200D987DF /* VCManager */,
			);
			path = LinkStart;
			sourceTree = "<group>";
		};
		DA3F79D8208C45D200D987DF /* VCManager */ = {
			isa = PBXGroup;
			children = (
				DA3F7BBB208C462000D987DF /* VCManager.h */,
				DA3F7BBC208C462000D987DF /* VCManager.m */,
			);
			path = VCManager;
			sourceTree = "<group>";
		};
		DA3F7BBE208C474F00D987DF /* ViewController */ = {
			isa = PBXGroup;
			children = (
				DA3F7BC4208C6E7300D987DF /* MainViewController */,
				DA3F7BBF208C474F00D987DF /* SAOUtil */,
				DA3F7BC0208C474F00D987DF /* RootViewController */,
			);
			path = ViewController;
			sourceTree = "<group>";
		};
		DA3F7BBF208C474F00D987DF /* SAOUtil */ = {
			isa = PBXGroup;
			children = (
				DA3F7BC8208C6EA700D987DF /* SAOUtilViewController.h */,
				DA3F7BC9208C6EA700D987DF /* SAOUtilViewController.m */,
				DA835F282092073D00303D8B /* SAO_SoundManager.h */,
				DA835F292092073D00303D8B /* SAO_SoundManager.m */,
				DA835F03208DD59000303D8B /* SAO_BtnCell.h */,
				DA835F04208DD59000303D8B /* SAO_BtnCell.m */,
			);
			path = SAOUtil;
			sourceTree = "<group>";
		};
		DA3F7BC0208C474F00D987DF /* RootViewController */ = {
			isa = PBXGroup;
			children = (
				DA3F7BC1208C476600D987DF /* RootViewController.h */,
				DA3F7BC2208C476600D987DF /* RootViewController.m */,
			);
			path = RootViewController;
			sourceTree = "<group>";
		};
		DA3F7BC4208C6E7300D987DF /* MainViewController */ = {
			isa = PBXGroup;
			children = (
				DA3F7BC5208C6E8F00D987DF /* MainViewController.h */,
				DA3F7BC6208C6E8F00D987DF /* MainViewController.m */,
			);
			path = MainViewController;
			sourceTree = "<group>";
		};
		DA835F06208DE6B800303D8B /* Resources */ = {
			isa = PBXGroup;
			children = (
				DA835F07208DE6B800303D8B /* appBack.PNG */,
				DA835F2B20920F3200303D8B /* sounds */,
				DA835F08208DE6B800303D8B /* image */,
				DA835F0D208DE6B800303D8B /* Fonts */,
			);
			path = Resources;
			sourceTree = "<group>";
		};
		DA835F08208DE6B800303D8B /* image */ = {
			isa = PBXGroup;
			children = (
				DA835F1F208DED0F00303D8B /* mail1_hover.png */,
				DA835F20208DED0F00303D8B /* mail1_normal.png */,
				DA835F1C208DECC700303D8B /* netw_conn_hover.png */,
				DA835F1B208DECC700303D8B /* netw_conn_normal.png */,
				DA835F18208DEBE700303D8B /* setting_hover.png */,
				DA835F17208DEBE700303D8B /* setting_normal.png */,
				DA835F09208DE6B800303D8B /* info_normal.png */,
				DA835F0A208DE6B800303D8B /* info_hover.png */,
				DA835F0B208DE6B800303D8B /* btn_normal.png */,
				DA835F0C208DE6B800303D8B /* btn_press.png */,
			);
			path = image;
			sourceTree = "<group>";
		};
		DA835F0D208DE6B800303D8B /* Fonts */ = {
			isa = PBXGroup;
			children = (
				DA835F0E208DE6B800303D8B /* FZZY.ttf */,
				DA835F0F208DE6B800303D8B /* SAOUI.ttf */,
			);
			path = Fonts;
			sourceTree = "<group>";
		};
		DA835F2B20920F3200303D8B /* sounds */ = {
			isa = PBXGroup;
			children = (
				DA835F2C20920F3200303D8B /* Dismiss.SAO.Launcher.wav */,
				DA835F2D20920F3200303D8B /* Popup.SAO.Message.wav */,
				DA835F2E20920F3200303D8B /* Popup.SAO.Launcher.wav */,
				DA835F2F20920F3200303D8B /* Popup.SAO.Warn.wav */,
				DA835F3020920F3200303D8B /* Popup.SAO.Panel.wav */,
				DA835F3120920F3200303D8B /* Popup.SAO.Menu.wav */,
				DA835F3220920F3200303D8B /* Feedback.SAO.Click.wav */,
			);
			path = sounds;
			sourceTree = "<group>";
		};
/* End PBXGroup section */

/* Begin PBXNativeTarget section */
		DA3F77B6208C3EED00D987DF /* SAO-frame */ = {
			isa = PBXNativeTarget;
			buildConfigurationList = DA3F77E6208C3EEE00D987DF /* Build configuration list for PBXNativeTarget "SAO-frame" */;
			buildPhases = (
				DA3F77B3208C3EED00D987DF /* Sources */,
				DA3F77B4208C3EED00D987DF /* Frameworks */,
				DA3F77B5208C3EED00D987DF /* Resources */,
			);
			buildRules = (
			);
			dependencies = (
			);
			name = "SAO-frame";
			productName = "SAO-frame";
			productReference = DA3F77B7208C3EED00D987DF /* SAO-frame.app */;
			productType = "com.apple.product-type.application";
		};
		DA3F77D1208C3EEE00D987DF /* SAO-frameTests */ = {
			isa = PBXNativeTarget;
			buildConfigurationList = DA3F77E9208C3EEE00D987DF /* Build configuration list for PBXNativeTarget "SAO-frameTests" */;
			buildPhases = (
				DA3F77CE208C3EEE00D987DF /* Sources */,
				DA3F77CF208C3EEE00D987DF /* Frameworks */,
				DA3F77D0208C3EEE00D987DF /* Resources */,
			);
			buildRules = (
			);
			dependencies = (
				DA3F77D4208C3EEE00D987DF /* PBXTargetDependency */,
			);
			name = "SAO-frameTests";
			productName = "SAO-frameTests";
			productReference = DA3F77D2208C3EEE00D987DF /* SAO-frameTests.xctest */;
			productType = "com.apple.product-type.bundle.unit-test";
		};
		DA3F77DC208C3EEE00D987DF /* SAO-frameUITests */ = {
			isa = PBXNativeTarget;
			buildConfigurationList = DA3F77EC208C3EEE00D987DF /* Build configuration list for PBXNativeTarget "SAO-frameUITests" */;
			buildPhases = (
				DA3F77D9208C3EEE00D987DF /* Sources */,
				DA3F77DA208C3EEE00D987DF /* Frameworks */,
				DA3F77DB208C3EEE00D987DF /* Resources */,
			);
			buildRules = (
			);
			dependencies = (
				DA3F77DF208C3EEE00D987DF /* PBXTargetDependency */,
			);
			name = "SAO-frameUITests";
			productName = "SAO-frameUITests";
			productReference = DA3F77DD208C3EEE00D987DF /* SAO-frameUITests.xctest */;
			productType = "com.apple.product-type.bundle.ui-testing";
		};
/* End PBXNativeTarget section */

/* Begin PBXProject section */
		DA3F77AF208C3EED00D987DF /* Project object */ = {
			isa = PBXProject;
			attributes = {
				LastUpgradeCheck = 0930;
				ORGANIZATIONNAME = Dawninest;
				TargetAttributes = {
					DA3F77B6208C3EED00D987DF = {
						CreatedOnToolsVersion = 9.3;
					};
					DA3F77D1208C3EEE00D987DF = {
						CreatedOnToolsVersion = 9.3;
						TestTargetID = DA3F77B6208C3EED00D987DF;
					};
					DA3F77DC208C3EEE00D987DF = {
						CreatedOnToolsVersion = 9.3;
						TestTargetID = DA3F77B6208C3EED00D987DF;
					};
				};
			};
			buildConfigurationList = DA3F77B2208C3EED00D987DF /* Build configuration list for PBXProject "SAO-frame" */;
			compatibilityVersion = "Xcode 9.3";
			developmentRegion = en;
			hasScannedForEncodings = 0;
			knownRegions = (
				en,
				Base,
			);
			mainGroup = DA3F77AE208C3EED00D987DF;
			productRefGroup = DA3F77B8208C3EED00D987DF /* Products */;
			projectDirPath = "";
			projectRoot = "";
			targets = (
				DA3F77B6208C3EED00D987DF /* SAO-frame */,
				DA3F77D1208C3EEE00D987DF /* SAO-frameTests */,
				DA3F77DC208C3EEE00D987DF /* SAO-frameUITests */,
			);
		};
/* End PBXProject section */

/* Begin PBXResourcesBuildPhase section */
		DA3F77B5208C3EED00D987DF /* Resources */ = {
			isa = PBXResourcesBuildPhase;
			buildActionMask = 2147483647;
			files = (
				DA835F14208DE6B800303D8B /* btn_press.png in Resources */,
				DA835F10208DE6B800303D8B /* appBack.PNG in Resources */,
				DA835F3820920F3200303D8B /* Popup.SAO.Menu.wav in Resources */,
				DA835F1D208DECC700303D8B /* netw_conn_normal.png in Resources */,
				DA3F77CA208C3EEE00D987DF /* LaunchScreen.storyboard in Resources */,
				DA835F1E208DECC700303D8B /* netw_conn_hover.png in Resources */,
				DA835F12208DE6B800303D8B /* info_hover.png in Resources */,
				DA835F21208DED0F00303D8B /* mail1_hover.png in Resources */,
				DA3F77C7208C3EEE00D987DF /* Assets.xcassets in Resources */,
				DA835F13208DE6B800303D8B /* btn_normal.png in Resources */,
				DA835F15208DE6B800303D8B /* FZZY.ttf in Resources */,
				DA835F3520920F3200303D8B /* Popup.SAO.Launcher.wav in Resources */,
				DA3F77C2208C3EED00D987DF /* Main.storyboard in Resources */,
				DA835F16208DE6B800303D8B /* SAOUI.ttf in Resources */,
				DA835F3720920F3200303D8B /* Popup.SAO.Panel.wav in Resources */,
				DA835F3620920F3200303D8B /* Popup.SAO.Warn.wav in Resources */,
				DA835F1A208DEBE700303D8B /* setting_hover.png in Resources */,
				DA835F19208DEBE700303D8B /* setting_normal.png in Resources */,
				DA835F3920920F3200303D8B /* Feedback.SAO.Click.wav in Resources */,
				DA835F3320920F3200303D8B /* Dismiss.SAO.Launcher.wav in Resources */,
				DA835F3420920F3200303D8B /* Popup.SAO.Message.wav in Resources */,
				DA835F11208DE6B800303D8B /* info_normal.png in Resources */,
				DA835F22208DED0F00303D8B /* mail1_normal.png in Resources */,
			);
			runOnlyForDeploymentPostprocessing = 0;
		};
		DA3F77D0208C3EEE00D987DF /* Resources */ = {
			isa = PBXResourcesBuildPhase;
			buildActionMask = 2147483647;
			files = (
			);
			runOnlyForDeploymentPostprocessing = 0;
		};
		DA3F77DB208C3EEE00D987DF /* Resources */ = {
			isa = PBXResourcesBuildPhase;
			buildActionMask = 2147483647;
			files = (
			);
			runOnlyForDeploymentPostprocessing = 0;
		};
/* End PBXResourcesBuildPhase section */

/* Begin PBXSourcesBuildPhase section */
		DA3F77B3208C3EED00D987DF /* Sources */ = {
			isa = PBXSourcesBuildPhase;
			buildActionMask = 2147483647;
			files = (
				DA835F2A2092073D00303D8B /* SAO_SoundManager.m in Sources */,
				DA3F7BCA208C6EA700D987DF /* SAOUtilViewController.m in Sources */,
				DA3F77C5208C3EED00D987DF /* SAO_frame.xcdatamodeld in Sources */,
				DA3F7BC7208C6E8F00D987DF /* MainViewController.m in Sources */,
				DA3F7BC3208C476600D987DF /* RootViewController.m in Sources */,
				DA3F7BBD208C462000D987DF /* VCManager.m in Sources */,
				DA3F77CD208C3EEE00D987DF /* main.m in Sources */,
				DA835F05208DD59000303D8B /* SAO_BtnCell.m in Sources */,
				DA3F77BC208C3EED00D987DF /* AppDelegate.m in Sources */,
			);
			runOnlyForDeploymentPostprocessing = 0;
		};
		DA3F77CE208C3EEE00D987DF /* Sources */ = {
			isa = PBXSourcesBuildPhase;
			buildActionMask = 2147483647;
			files = (
				DA3F77D7208C3EEE00D987DF /* SAO_frameTests.m in Sources */,
			);
			runOnlyForDeploymentPostprocessing = 0;
		};
		DA3F77D9208C3EEE00D987DF /* Sources */ = {
			isa = PBXSourcesBuildPhase;
			buildActionMask = 2147483647;
			files = (
				DA3F77E2208C3EEE00D987DF /* SAO_frameUITests.m in Sources */,
			);
			runOnlyForDeploymentPostprocessing = 0;
		};
/* End PBXSourcesBuildPhase section */

/* Begin PBXTargetDependency section */
		DA3F77D4208C3EEE00D987DF /* PBXTargetDependency */ = {
			isa = PBXTargetDependency;
			target = DA3F77B6208C3EED00D987DF /* SAO-frame */;
			targetProxy = DA3F77D3208C3EEE00D987DF /* PBXContainerItemProxy */;
		};
		DA3F77DF208C3EEE00D987DF /* PBXTargetDependency */ = {
			isa = PBXTargetDependency;
			target = DA3F77B6208C3EED00D987DF /* SAO-frame */;
			targetProxy = DA3F77DE208C3EEE00D987DF /* PBXContainerItemProxy */;
		};
/* End PBXTargetDependency section */

/* Begin PBXVariantGroup section */
		DA3F77C0208C3EED00D987DF /* Main.storyboard */ = {
			isa = PBXVariantGroup;
			children = (
				DA3F77C1208C3EED00D987DF /* Base */,
			);
			name = Main.storyboard;
			sourceTree = "<group>";
		};
		DA3F77C8208C3EEE00D987DF /* LaunchScreen.storyboard */ = {
			isa = PBXVariantGroup;
			children = (
				DA3F77C9208C3EEE00D987DF /* Base */,
			);
			name = LaunchScreen.storyboard;
			sourceTree = "<group>";
		};
/* End PBXVariantGroup section */

/* Begin XCBuildConfiguration section */
		DA3F77E4208C3EEE00D987DF /* Debug */ = {
			isa = XCBuildConfiguration;
			buildSettings = {
				ALWAYS_SEARCH_USER_PATHS = NO;
				CLANG_ANALYZER_NONNULL = YES;
				CLANG_ANALYZER_NUMBER_OBJECT_CONVERSION = YES_AGGRESSIVE;
				CLANG_CXX_LANGUAGE_STANDARD = "gnu++14";
				CLANG_CXX_LIBRARY = "libc++";
				CLANG_ENABLE_MODULES = YES;
				CLANG_ENABLE_OBJC_ARC = YES;
				CLANG_ENABLE_OBJC_WEAK = YES;
				CLANG_WARN_BLOCK_CAPTURE_AUTORELEASING = YES;
				CLANG_WARN_BOOL_CONVERSION = YES;
				CLANG_WARN_COMMA = YES;
				CLANG_WARN_CONSTANT_CONVERSION = YES;
				CLANG_WARN_DEPRECATED_OBJC_IMPLEMENTATIONS = YES;
				CLANG_WARN_DIRECT_OBJC_ISA_USAGE = YES_ERROR;
				CLANG_WARN_DOCUMENTATION_COMMENTS = YES;
				CLANG_WARN_EMPTY_BODY = YES;
				CLANG_WARN_ENUM_CONVERSION = YES;
				CLANG_WARN_INFINITE_RECURSION = YES;
				CLANG_WARN_INT_CONVERSION = YES;
				CLANG_WARN_NON_LITERAL_NULL_CONVERSION = YES;
				CLANG_WARN_OBJC_IMPLICIT_RETAIN_SELF = YES;
				CLANG_WARN_OBJC_LITERAL_CONVERSION = YES;
				CLANG_WARN_OBJC_ROOT_CLASS = YES_ERROR;
				CLANG_WARN_RANGE_LOOP_ANALYSIS = YES;
				CLANG_WARN_STRICT_PROTOTYPES = YES;
				CLANG_WARN_SUSPICIOUS_MOVE = YES;
				CLANG_WARN_UNGUARDED_AVAILABILITY = YES_AGGRESSIVE;
				CLANG_WARN_UNREACHABLE_CODE = YES;
				CLANG_WARN__DUPLICATE_METHOD_MATCH = YES;
				CODE_SIGN_IDENTITY = "iPhone Developer";
				COPY_PHASE_STRIP = NO;
				DEBUG_INFORMATION_FORMAT = dwarf;
				ENABLE_STRICT_OBJC_MSGSEND = YES;
				ENABLE_TESTABILITY = YES;
				GCC_C_LANGUAGE_STANDARD = gnu11;
				GCC_DYNAMIC_NO_PIC = NO;
				GCC_NO_COMMON_BLOCKS = YES;
				GCC_OPTIMIZATION_LEVEL = 0;
				GCC_PREPROCESSOR_DEFINITIONS = (
					"DEBUG=1",
					"$(inherited)",
				);
				GCC_WARN_64_TO_32_BIT_CONVERSION = YES;
				GCC_WARN_ABOUT_RETURN_TYPE = YES_ERROR;
				GCC_WARN_UNDECLARED_SELECTOR = YES;
				GCC_WARN_UNINITIALIZED_AUTOS = YES_AGGRESSIVE;
				GCC_WARN_UNUSED_FUNCTION = YES;
				GCC_WARN_UNUSED_VARIABLE = YES;
				IPHONEOS_DEPLOYMENT_TARGET = 11.3;
				MTL_ENABLE_DEBUG_INFO = YES;
				ONLY_ACTIVE_ARCH = YES;
				SDKROOT = iphoneos;
			};
			name = Debug;
		};
		DA3F77E5208C3EEE00D987DF /* Release */ = {
			isa = XCBuildConfiguration;
			buildSettings = {
				ALWAYS_SEARCH_USER_PATHS = NO;
				CLANG_ANALYZER_NONNULL = YES;
				CLANG_ANALYZER_NUMBER_OBJECT_CONVERSION = YES_AGGRESSIVE;
				CLANG_CXX_LANGUAGE_STANDARD = "gnu++14";
				CLANG_CXX_LIBRARY = "libc++";
				CLANG_ENABLE_MODULES = YES;
				CLANG_ENABLE_OBJC_ARC = YES;
				CLANG_ENABLE_OBJC_WEAK = YES;
				CLANG_WARN_BLOCK_CAPTURE_AUTORELEASING = YES;
				CLANG_WARN_BOOL_CONVERSION = YES;
				CLANG_WARN_COMMA = YES;
				CLANG_WARN_CONSTANT_CONVERSION = YES;
				CLANG_WARN_DEPRECATED_OBJC_IMPLEMENTATIONS = YES;
				CLANG_WARN_DIRECT_OBJC_ISA_USAGE = YES_ERROR;
				CLANG_WARN_DOCUMENTATION_COMMENTS = YES;
				CLANG_WARN_EMPTY_BODY = YES;
				CLANG_WARN_ENUM_CONVERSION = YES;
				CLANG_WARN_INFINITE_RECURSION = YES;
				CLANG_WARN_INT_CONVERSION = YES;
				CLANG_WARN_NON_LITERAL_NULL_CONVERSION = YES;
				CLANG_WARN_OBJC_IMPLICIT_RETAIN_SELF = YES;
				CLANG_WARN_OBJC_LITERAL_CONVERSION = YES;
				CLANG_WARN_OBJC_ROOT_CLASS = YES_ERROR;
				CLANG_WARN_RANGE_LOOP_ANALYSIS = YES;
				CLANG_WARN_STRICT_PROTOTYPES = YES;
				CLANG_WARN_SUSPICIOUS_MOVE = YES;
				CLANG_WARN_UNGUARDED_AVAILABILITY = YES_AGGRESSIVE;
				CLANG_WARN_UNREACHABLE_CODE = YES;
				CLANG_WARN__DUPLICATE_METHOD_MATCH = YES;
				CODE_SIGN_IDENTITY = "iPhone Developer";
				COPY_PHASE_STRIP = NO;
				DEBUG_INFORMATION_FORMAT = "dwarf-with-dsym";
				ENABLE_NS_ASSERTIONS = NO;
				ENABLE_STRICT_OBJC_MSGSEND = YES;
				GCC_C_LANGUAGE_STANDARD = gnu11;
				GCC_NO_COMMON_BLOCKS = YES;
				GCC_WARN_64_TO_32_BIT_CONVERSION = YES;
				GCC_WARN_ABOUT_RETURN_TYPE = YES_ERROR;
				GCC_WARN_UNDECLARED_SELECTOR = YES;
				GCC_WARN_UNINITIALIZED_AUTOS = YES_AGGRESSIVE;
				GCC_WARN_UNUSED_FUNCTION = YES;
				GCC_WARN_UNUSED_VARIABLE = YES;
				IPHONEOS_DEPLOYMENT_TARGET = 11.3;
				MTL_ENABLE_DEBUG_INFO = NO;
				SDKROOT = iphoneos;
				VALIDATE_PRODUCT = YES;
			};
			name = Release;
		};
		DA3F77E7208C3EEE00D987DF /* Debug */ = {
			isa = XCBuildConfiguration;
			buildSettings = {
				ASSETCATALOG_COMPILER_APPICON_NAME = AppIcon;
				CODE_SIGN_STYLE = Automatic;
				DEVELOPMENT_TEAM = Z6PY763ZB6;
				INFOPLIST_FILE = "SAO-frame/Info.plist";
				LD_RUNPATH_SEARCH_PATHS = (
					"$(inherited)",
					"@executable_path/Frameworks",
				);
				PRODUCT_BUNDLE_IDENTIFIER = com.dawninest.sao;
				PRODUCT_NAME = "$(TARGET_NAME)";
				TARGETED_DEVICE_FAMILY = "1,2";
			};
			name = Debug;
		};
		DA3F77E8208C3EEE00D987DF /* Release */ = {
			isa = XCBuildConfiguration;
			buildSettings = {
				ASSETCATALOG_COMPILER_APPICON_NAME = AppIcon;
				CODE_SIGN_STYLE = Automatic;
				DEVELOPMENT_TEAM = Z6PY763ZB6;
				INFOPLIST_FILE = "SAO-frame/Info.plist";
				LD_RUNPATH_SEARCH_PATHS = (
					"$(inherited)",
					"@executable_path/Frameworks",
				);
				PRODUCT_BUNDLE_IDENTIFIER = com.dawninest.sao;
				PRODUCT_NAME = "$(TARGET_NAME)";
				TARGETED_DEVICE_FAMILY = "1,2";
			};
			name = Release;
		};
		DA3F77EA208C3EEE00D987DF /* Debug */ = {
			isa = XCBuildConfiguration;
			buildSettings = {
				BUNDLE_LOADER = "$(TEST_HOST)";
				CODE_SIGN_STYLE = Automatic;
				DEVELOPMENT_TEAM = Z6PY763ZB6;
				INFOPLIST_FILE = "SAO-frameTests/Info.plist";
				LD_RUNPATH_SEARCH_PATHS = (
					"$(inherited)",
					"@executable_path/Frameworks",
					"@loader_path/Frameworks",
				);
				PRODUCT_BUNDLE_IDENTIFIER = "com.dawninest.sao.SAO-frameTests";
				PRODUCT_NAME = "$(TARGET_NAME)";
				TARGETED_DEVICE_FAMILY = "1,2";
				TEST_HOST = "$(BUILT_PRODUCTS_DIR)/SAO-frame.app/SAO-frame";
			};
			name = Debug;
		};
		DA3F77EB208C3EEE00D987DF /* Release */ = {
			isa = XCBuildConfiguration;
			buildSettings = {
				BUNDLE_LOADER = "$(TEST_HOST)";
				CODE_SIGN_STYLE = Automatic;
				DEVELOPMENT_TEAM = Z6PY763ZB6;
				INFOPLIST_FILE = "SAO-frameTests/Info.plist";
				LD_RUNPATH_SEARCH_PATHS = (
					"$(inherited)",
					"@executable_path/Frameworks",
					"@loader_path/Frameworks",
				);
				PRODUCT_BUNDLE_IDENTIFIER = "com.dawninest.sao.SAO-frameTests";
				PRODUCT_NAME = "$(TARGET_NAME)";
				TARGETED_DEVICE_FAMILY = "1,2";
				TEST_HOST = "$(BUILT_PRODUCTS_DIR)/SAO-frame.app/SAO-frame";
			};
			name = Release;
		};
		DA3F77ED208C3EEE00D987DF /* Debug */ = {
			isa = XCBuildConfiguration;
			buildSettings = {
				CODE_SIGN_STYLE = Automatic;
				DEVELOPMENT_TEAM = Z6PY763ZB6;
				INFOPLIST_FILE = "SAO-frameUITests/Info.plist";
				LD_RUNPATH_SEARCH_PATHS = (
					"$(inherited)",
					"@executable_path/Frameworks",
					"@loader_path/Frameworks",
				);
				PRODUCT_BUNDLE_IDENTIFIER = "com.dawninest.sao.SAO-frameUITests";
				PRODUCT_NAME = "$(TARGET_NAME)";
				TARGETED_DEVICE_FAMILY = "1,2";
				TEST_TARGET_NAME = "SAO-frame";
			};
			name = Debug;
		};
		DA3F77EE208C3EEE00D987DF /* Release */ = {
			isa = XCBuildConfiguration;
			buildSettings = {
				CODE_SIGN_STYLE = Automatic;
				DEVELOPMENT_TEAM = Z6PY763ZB6;
				INFOPLIST_FILE = "SAO-frameUITests/Info.plist";
				LD_RUNPATH_SEARCH_PATHS = (
					"$(inherited)",
					"@executable_path/Frameworks",
					"@loader_path/Frameworks",
				);
				PRODUCT_BUNDLE_IDENTIFIER = "com.dawninest.sao.SAO-frameUITests";
				PRODUCT_NAME = "$(TARGET_NAME)";
				TARGETED_DEVICE_FAMILY = "1,2";
				TEST_TARGET_NAME = "SAO-frame";
			};
			name = Release;
		};
/* End XCBuildConfiguration section */

/* Begin XCConfigurationList section */
		DA3F77B2208C3EED00D987DF /* Build configuration list for PBXProject "SAO-frame" */ = {
			isa = XCConfigurationList;
			buildConfigurations = (
				DA3F77E4208C3EEE00D987DF /* Debug */,
				DA3F77E5208C3EEE00D987DF /* Release */,
			);
			defaultConfigurationIsVisible = 0;
			defaultConfigurationName = Release;
		};
		DA3F77E6208C3EEE00D987DF /* Build configuration list for PBXNativeTarget "SAO-frame" */ = {
			isa = XCConfigurationList;
			buildConfigurations = (
				DA3F77E7208C3EEE00D987DF /* Debug */,
				DA3F77E8208C3EEE00D987DF /* Release */,
			);
			defaultConfigurationIsVisible = 0;
			defaultConfigurationName = Release;
		};
		DA3F77E9208C3EEE00D987DF /* Build configuration list for PBXNativeTarget "SAO-frameTests" */ = {
			isa = XCConfigurationList;
			buildConfigurations = (
				DA3F77EA208C3EEE00D987DF /* Debug */,
				DA3F77EB208C3EEE00D987DF /* Release */,
			);
			defaultConfigurationIsVisible = 0;
			defaultConfigurationName = Release;
		};
		DA3F77EC208C3EEE00D987DF /* Build configuration list for PBXNativeTarget "SAO-frameUITests" */ = {
			isa = XCConfigurationList;
			buildConfigurations = (
				DA3F77ED208C3EEE00D987DF /* Debug */,
				DA3F77EE208C3EEE00D987DF /* Release */,
			);
			defaultConfigurationIsVisible = 0;
			defaultConfigurationName = Release;
		};
/* End XCConfigurationList section */

/* Begin XCVersionGroup section */
		DA3F77C3208C3EED00D987DF /* SAO_frame.xcdatamodeld */ = {
			isa = XCVersionGroup;
			children = (
				DA3F77C4208C3EED00D987DF /* SAO_frame.xcdatamodel */,
			);
			currentVersion = DA3F77C4208C3EED00D987DF /* SAO_frame.xcdatamodel */;
			path = SAO_frame.xcdatamodeld;
			sourceTree = "<group>";
			versionGroupType = wrapper.xcdatamodel;
		};
/* End XCVersionGroup section */
	};
	rootObject = DA3F77AF208C3EED00D987DF /* Project object */;
}
